
Microsoft Visual Studio Solution File, Format Version 12.00
# Visual Studio Version 17
VisualStudioVersion = 17.0.31903.59
MinimumVisualStudioVersion = 10.0.40219.1
Project("{FAE04EC0-301F-11D3-BF4B-00C04F79EFBC}") = "StasisRifleUpgrade", "StasisRifleUpgrade\src\StasisRifleUpgrade.csproj", "{DCA1F76F-9AAE-43D1-8545-ED3DA32D2971}"
EndProject
Project("{FAE04EC0-301F-11D3-BF4B-00C04F79EFBC}") = "SeaglideUpgrade", "SeaglideUpgrade\src\SeaglideUpgrade.csproj", "{9D61A149-4DAE-4764-93C0-9E882BAA40ED}"
EndProject
Global
	GlobalSection(SolutionConfigurationPlatforms) = preSolution
		Debug|Any CPU = Debug|Any CPU
		Debug|x64 = Debug|x64
		Debug|x86 = Debug|x86
		Release|Any CPU = Release|Any CPU
		Release|x64 = Release|x64
		Release|x86 = Release|x86
	EndGlobalSection
	GlobalSection(ProjectConfigurationPlatforms) = postSolution
		{DCA1F76F-9AAE-43D1-8545-ED3DA32D2971}.Debug|Any CPU.ActiveCfg = Debug|Any CPU
		{DCA1F76F-9AAE-43D1-8545-ED3DA32D2971}.Debug|Any CPU.Build.0 = Debug|Any CPU
		{DCA1F76F-9AAE-43D1-8545-ED3DA32D2971}.Debug|x64.ActiveCfg = Debug|Any CPU
		{DCA1F76F-9AAE-43D1-8545-ED3DA32D2971}.Debug|x64.Build.0 = Debug|Any CPU
		{DCA1F76F-9AAE-43D1-8545-ED3DA32D2971}.Debug|x86.ActiveCfg = Debug|Any CPU
		{DCA1F76F-9AAE-43D1-8545-ED3DA32D2971}.Debug|x86.Build.0 = Debug|Any CPU
		{DCA1F76F-9AAE-43D1-8545-ED3DA32D2971}.Release|Any CPU.ActiveCfg = Release|Any CPU
		{DCA1F76F-9AAE-43D1-8545-ED3DA32D2971}.Release|Any CPU.Build.0 = Release|Any CPU
		{DCA1F76F-9AAE-43D1-8545-ED3DA32D2971}.Release|x64.ActiveCfg = Release|Any CPU
		{DCA1F76F-9AAE-43D1-8545-ED3DA32D2971}.Release|x64.Build.0 = Release|Any CPU
		{DCA1F76F-9AAE-43D1-8545-ED3DA32D2971}.Release|x86.ActiveCfg = Release|Any CPU
		{DCA1F76F-9AAE-43D1-8545-ED3DA32D2971}.Release|x86.Build.0 = Release|Any CPU
		{9D61A149-4DAE-4764-93C0-9E882BAA40ED}.Debug|Any CPU.ActiveCfg = Debug|Any CPU
		{9D61A149-4DAE-4764-93C0-9E882BAA40ED}.Debug|Any CPU.Build.0 = Debug|Any CPU
		{9D61A149-4DAE-4764-93C0-9E882BAA40ED}.Debug|x64.ActiveCfg = Debug|Any CPU
		{9D61A149-4DAE-4764-93C0-9E882BAA40ED}.Debug|x64.Build.0 = Debug|Any CPU
		{9D61A149-4DAE-4764-93C0-9E882BAA40ED}.Debug|x86.ActiveCfg = Debug|Any CPU
		{9D61A149-4DAE-4764-93C0-9E882BAA40ED}.Debug|x86.Build.0 = Debug|Any CPU
		{9D61A149-4DAE-4764-93C0-9E882BAA40ED}.Release|Any CPU.ActiveCfg = Release|Any CPU
		{9D61A149-4DAE-4764-93C0-9E882BAA40ED}.Release|Any CPU.Build.0 = Release|Any CPU
		{9D61A149-4DAE-4764-93C0-9E882BAA40ED}.Release|x64.ActiveCfg = Release|Any CPU
		{9D61A149-4DAE-4764-93C0-9E882BAA40ED}.Release|x64.Build.0 = Release|Any CPU
		{9D61A149-4DAE-4764-93C0-9E882BAA40ED}.Release|x86.ActiveCfg = Release|Any CPU
		{9D61A149-4DAE-4764-93C0-9E882BAA40ED}.Release|x86.Build.0 = Release|Any CPU
	EndGlobalSection
	GlobalSection(SolutionProperties) = preSolution
		HideSolutionNode = FALSE
	EndGlobalSection
EndGlobal
